
Microsoft Visual Studio Solution File, Format Version 12.00
# Visual Studio Version 16
VisualStudioVersion = 16.0.29102.190
MinimumVisualStudioVersion = 10.0.40219.1
Project("{FAE04EC0-301F-11D3-BF4B-00C04F79EFBC}") = "Proyecto N-capas 1", "Proyecto N-capas 1\Proyecto N-capas 1.csproj", "{DD77AF15-6D80-476D-B168-8B9EA1F61414}"
EndProject
Project("{FAE04EC0-301F-11D3-BF4B-00C04F79EFBC}") = "logicanegocios", "logicanegocios\logicanegocios.csproj", "{2EE9D338-5D89-43C7-BECF-F6EBAADC670E}"
EndProject
Global
	GlobalSection(SolutionConfigurationPlatforms) = preSolution
		Debug|Any CPU = Debug|Any CPU
		Release|Any CPU = Release|Any CPU
	EndGlobalSection
	GlobalSection(ProjectConfigurationPlatforms) = postSolution
		{DD77AF15-6D80-476D-B168-8B9EA1F61414}.Debug|Any CPU.ActiveCfg = Debug|Any CPU
		{DD77AF15-6D80-476D-B168-8B9EA1F61414}.Debug|Any CPU.Build.0 = Debug|Any CPU
		{DD77AF15-6D80-476D-B168-8B9EA1F61414}.Release|Any CPU.ActiveCfg = Release|Any CPU
		{DD77AF15-6D80-476D-B168-8B9EA1F61414}.Release|Any CPU.Build.0 = Release|Any CPU
		{2EE9D338-5D89-43C7-BECF-F6EBAADC670E}.Debug|Any CPU.ActiveCfg = Debug|Any CPU
		{2EE9D338-5D89-43C7-BECF-F6EBAADC670E}.Debug|Any CPU.Build.0 = Debug|Any CPU
		{2EE9D338-5D89-43C7-BECF-F6EBAADC670E}.Release|Any CPU.ActiveCfg = Release|Any CPU
		{2EE9D338-5D89-43C7-BECF-F6EBAADC670E}.Release|Any CPU.Build.0 = Release|Any CPU
	EndGlobalSection
	GlobalSection(SolutionProperties) = preSolution
		HideSolutionNode = FALSE
	EndGlobalSection
	GlobalSection(ExtensibilityGlobals) = postSolution
		SolutionGuid = {37755E4E-DEF1-48BD-9E77-38F6F7B17C18}
	EndGlobalSection
EndGlobal
