
Microsoft Visual Studio Solution File, Format Version 12.00
# Visual Studio Version 16
VisualStudioVersion = 16.0.29102.190
MinimumVisualStudioVersion = 10.0.40219.1
Project("{F184B08F-C81C-45F6-A57F-5ABD9991F28F}") = "Proyecto N-capas1.3", "Proyecto N-capas1.3\Proyecto N-capas1.3.vbproj", "{89F71399-2DB2-45A3-B810-DAFA9B79D209}"
EndProject
Global
	GlobalSection(SolutionConfigurationPlatforms) = preSolution
		Debug|Any CPU = Debug|Any CPU
		Release|Any CPU = Release|Any CPU
	EndGlobalSection
	GlobalSection(ProjectConfigurationPlatforms) = postSolution
		{89F71399-2DB2-45A3-B810-DAFA9B79D209}.Debug|Any CPU.ActiveCfg = Debug|Any CPU
		{89F71399-2DB2-45A3-B810-DAFA9B79D209}.Debug|Any CPU.Build.0 = Debug|Any CPU
		{89F71399-2DB2-45A3-B810-DAFA9B79D209}.Release|Any CPU.ActiveCfg = Release|Any CPU
		{89F71399-2DB2-45A3-B810-DAFA9B79D209}.Release|Any CPU.Build.0 = Release|Any CPU
	EndGlobalSection
	GlobalSection(SolutionProperties) = preSolution
		HideSolutionNode = FALSE
	EndGlobalSection
	GlobalSection(ExtensibilityGlobals) = postSolution
		SolutionGuid = {CDEB1BED-E434-4D8A-97E6-D07DB7B616F8}
	EndGlobalSection
EndGlobal
